{
  "packages": {
    "com.layabox.layamcp": {
      "version": "1.0.6",
      "dependencies": {}
    },
    "com.layabox.layaidea": {
      "version": "0.7.5",
      "dependencies": {
        "com.layabox.layaidea.runtime": "0.5.7"
      }
    },
    "com.layabox.layaidea.runtime": {
      "version": "0.5.7",
      "dependencies": {}
    }
  }
}